// !$*UTF8*$!
{
	archiveVersion = 1;
	classes = {
	};
	objectVersion = 48;
	objects = {

/* Begin PBXBuildFile section */
		6F400D1820AAB1AC005CF92B /* AirportViewController.swift in Sources */ = {isa = PBXBuildFile; fileRef = 6F400D1720AAB1AC005CF92B /* AirportViewController.swift */; };
		6F4A0C2220873AE200137E48 /* AppDelegate.swift in Sources */ = {isa = PBXBuildFile; fileRef = 6F4A0C2120873AE200137E48 /* AppDelegate.swift */; };
		6F4A0C2420873AE200137E48 /* ViewController.swift in Sources */ = {isa = PBXBuildFile; fileRef = 6F4A0C2320873AE200137E48 /* ViewController.swift */; };
		6F4A0C2720873AE300137E48 /* Main.storyboard in Resources */ = {isa = PBXBuildFile; fileRef = 6F4A0C2520873AE300137E48 /* Main.storyboard */; };
		6F4A0C2920873AE300137E48 /* Assets.xcassets in Resources */ = {isa = PBXBuildFile; fileRef = 6F4A0C2820873AE300137E48 /* Assets.xcassets */; };
		6F4A0C2C20873AE300137E48 /* LaunchScreen.storyboard in Resources */ = {isa = PBXBuildFile; fileRef = 6F4A0C2A20873AE300137E48 /* LaunchScreen.storyboard */; };
		6F4A0C3720873AE300137E48 /* SIT305GroupProjectTests.swift in Sources */ = {isa = PBXBuildFile; fileRef = 6F4A0C3620873AE300137E48 /* SIT305GroupProjectTests.swift */; };
		6F4A0C4220873AE300137E48 /* SIT305GroupProjectUITests.swift in Sources */ = {isa = PBXBuildFile; fileRef = 6F4A0C4120873AE300137E48 /* SIT305GroupProjectUITests.swift */; };
		6F8E085C20A1A18C009E38D5 /* BeachViewController.swift in Sources */ = {isa = PBXBuildFile; fileRef = 6F8E085B20A1A18C009E38D5 /* BeachViewController.swift */; };
		6F8E085E20A1A765009E38D5 /* SettingViewController.swift in Sources */ = {isa = PBXBuildFile; fileRef = 6F8E085D20A1A765009E38D5 /* SettingViewController.swift */; };
		6F95FFB420A6F14B00A0C878 /* HarborViewController.swift in Sources */ = {isa = PBXBuildFile; fileRef = 6F95FFB320A6F14B00A0C878 /* HarborViewController.swift */; };
		6FAA8235209C787A00FF61AF /* MainViewController.swift in Sources */ = {isa = PBXBuildFile; fileRef = 6FAA8234209C787A00FF61AF /* MainViewController.swift */; };
		6FAA8237209C78B500FF61AF /* ForestViewController.swift in Sources */ = {isa = PBXBuildFile; fileRef = 6FAA8236209C78B500FF61AF /* ForestViewController.swift */; };
		6FAA8268209C824E00FF61AF /* airport.jpg in Resources */ = {isa = PBXBuildFile; fileRef = 6FAA8259209C824E00FF61AF /* airport.jpg */; };
		6FAA8269209C824E00FF61AF /* background.jpg in Resources */ = {isa = PBXBuildFile; fileRef = 6FAA825A209C824E00FF61AF /* background.jpg */; };
		6FAA826A209C824E00FF61AF /* background2.jpeg in Resources */ = {isa = PBXBuildFile; fileRef = 6FAA825B209C824E00FF61AF /* background2.jpeg */; };
		6FAA826B209C824E00FF61AF /* beach.jpg in Resources */ = {isa = PBXBuildFile; fileRef = 6FAA825C209C824E00FF61AF /* beach.jpg */; };
		6FAA826C209C824E00FF61AF /* bear.jpg in Resources */ = {isa = PBXBuildFile; fileRef = 6FAA825D209C824E00FF61AF /* bear.jpg */; };
		6FAA826D209C824E00FF61AF /* can.jpg in Resources */ = {isa = PBXBuildFile; fileRef = 6FAA825E209C824E00FF61AF /* can.jpg */; };
		6FAA826E209C824E00FF61AF /* crab.jpg in Resources */ = {isa = PBXBuildFile; fileRef = 6FAA825F209C824E00FF61AF /* crab.jpg */; };
		6FAA826F209C824E00FF61AF /* energy_drink.jpg in Resources */ = {isa = PBXBuildFile; fileRef = 6FAA8260209C824E00FF61AF /* energy_drink.jpg */; };
		6FAA8270209C824E00FF61AF /* forest.jpg in Resources */ = {isa = PBXBuildFile; fileRef = 6FAA8261209C824E00FF61AF /* forest.jpg */; };
		6FAA8271209C824E00FF61AF /* godzilla.jpg in Resources */ = {isa = PBXBuildFile; fileRef = 6FAA8262209C824E00FF61AF /* godzilla.jpg */; };
		6FAA8272209C824E00FF61AF /* harbor.jpg in Resources */ = {isa = PBXBuildFile; fileRef = 6FAA8263209C824E00FF61AF /* harbor.jpg */; };
		6FAA8273209C824E00FF61AF /* island.jpeg in Resources */ = {isa = PBXBuildFile; fileRef = 6FAA8264209C824E00FF61AF /* island.jpeg */; };
		6FAA8274209C824E00FF61AF /* Map.jpg in Resources */ = {isa = PBXBuildFile; fileRef = 6FAA8265209C824E00FF61AF /* Map.jpg */; };
		6FAA8275209C824E00FF61AF /* radiation.jpg in Resources */ = {isa = PBXBuildFile; fileRef = 6FAA8266209C824E00FF61AF /* radiation.jpg */; };
		6FAA8276209C824E00FF61AF /* spongebob.jpg in Resources */ = {isa = PBXBuildFile; fileRef = 6FAA8267209C824E00FF61AF /* spongebob.jpg */; };
		6FAA827B209C828F00FF61AF /* bgMusic.mp3 in Resources */ = {isa = PBXBuildFile; fileRef = 6FAA8278209C828F00FF61AF /* bgMusic.mp3 */; };
		6FAA827C209C828F00FF61AF /* DisplayText.plist in Resources */ = {isa = PBXBuildFile; fileRef = 6FAA8279209C828F00FF61AF /* DisplayText.plist */; };
		6FAA827D209C828F00FF61AF /* Sample.txt in Resources */ = {isa = PBXBuildFile; fileRef = 6FAA827A209C828F00FF61AF /* Sample.txt */; };
/* End PBXBuildFile section */

/* Begin PBXContainerItemProxy section */
		6F4A0C3320873AE300137E48 /* PBXContainerItemProxy */ = {
			isa = PBXContainerItemProxy;
			containerPortal = 6F4A0C1620873AE200137E48 /* Project object */;
			proxyType = 1;
			remoteGlobalIDString = 6F4A0C1D20873AE200137E48;
			remoteInfo = SIT305GroupProject;
		};
		6F4A0C3E20873AE300137E48 /* PBXContainerItemProxy */ = {
			isa = PBXContainerItemProxy;
			containerPortal = 6F4A0C1620873AE200137E48 /* Project object */;
			proxyType = 1;
			remoteGlobalIDString = 6F4A0C1D20873AE200137E48;
			remoteInfo = SIT305GroupProject;
		};
/* End PBXContainerItemProxy section */

/* Begin PBXFileReference section */
		6F400D1720AAB1AC005CF92B /* AirportViewController.swift */ = {isa = PBXFileReference; lastKnownFileType = sourcecode.swift; path = AirportViewController.swift; sourceTree = "<group>"; };
		6F4A0C1E20873AE200137E48 /* SIT305GroupProject.app */ = {isa = PBXFileReference; explicitFileType = wrapper.application; includeInIndex = 0; path = SIT305GroupProject.app; sourceTree = BUILT_PRODUCTS_DIR; };
		6F4A0C2120873AE200137E48 /* AppDelegate.swift */ = {isa = PBXFileReference; lastKnownFileType = sourcecode.swift; path = AppDelegate.swift; sourceTree = "<group>"; };
		6F4A0C2320873AE200137E48 /* ViewController.swift */ = {isa = PBXFileReference; lastKnownFileType = sourcecode.swift; path = ViewController.swift; sourceTree = "<group>"; };
		6F4A0C2620873AE300137E48 /* Base */ = {isa = PBXFileReference; lastKnownFileType = file.storyboard; name = Base; path = Base.lproj/Main.storyboard; sourceTree = "<group>"; };
		6F4A0C2820873AE300137E48 /* Assets.xcassets */ = {isa = PBXFileReference; lastKnownFileType = folder.assetcatalog; path = Assets.xcassets; sourceTree = "<group>"; };
		6F4A0C2B20873AE300137E48 /* Base */ = {isa = PBXFileReference; lastKnownFileType = file.storyboard; name = Base; path = Base.lproj/LaunchScreen.storyboard; sourceTree = "<group>"; };
		6F4A0C2D20873AE300137E48 /* Info.plist */ = {isa = PBXFileReference; lastKnownFileType = text.plist.xml; path = Info.plist; sourceTree = "<group>"; };
		6F4A0C3220873AE300137E48 /* SIT305GroupProjectTests.xctest */ = {isa = PBXFileReference; explicitFileType = wrapper.cfbundle; includeInIndex = 0; path = SIT305GroupProjectTests.xctest; sourceTree = BUILT_PRODUCTS_DIR; };
		6F4A0C3620873AE300137E48 /* SIT305GroupProjectTests.swift */ = {isa = PBXFileReference; lastKnownFileType = sourcecode.swift; path = SIT305GroupProjectTests.swift; sourceTree = "<group>"; };
		6F4A0C3820873AE300137E48 /* Info.plist */ = {isa = PBXFileReference; lastKnownFileType = text.plist.xml; path = Info.plist; sourceTree = "<group>"; };
		6F4A0C3D20873AE300137E48 /* SIT305GroupProjectUITests.xctest */ = {isa = PBXFileReference; explicitFileType = wrapper.cfbundle; includeInIndex = 0; path = SIT305GroupProjectUITests.xctest; sourceTree = BUILT_PRODUCTS_DIR; };
		6F4A0C4120873AE300137E48 /* SIT305GroupProjectUITests.swift */ = {isa = PBXFileReference; lastKnownFileType = sourcecode.swift; path = SIT305GroupProjectUITests.swift; sourceTree = "<group>"; };
		6F4A0C4320873AE300137E48 /* Info.plist */ = {isa = PBXFileReference; lastKnownFileType = text.plist.xml; path = Info.plist; sourceTree = "<group>"; };
		6F8E085B20A1A18C009E38D5 /* BeachViewController.swift */ = {isa = PBXFileReference; lastKnownFileType = sourcecode.swift; path = BeachViewController.swift; sourceTree = "<group>"; };
		6F8E085D20A1A765009E38D5 /* SettingViewController.swift */ = {isa = PBXFileReference; lastKnownFileType = sourcecode.swift; path = SettingViewController.swift; sourceTree = "<group>"; };
		6F95FFB320A6F14B00A0C878 /* HarborViewController.swift */ = {isa = PBXFileReference; lastKnownFileType = sourcecode.swift; path = HarborViewController.swift; sourceTree = "<group>"; };
		6FAA8234209C787A00FF61AF /* MainViewController.swift */ = {isa = PBXFileReference; lastKnownFileType = sourcecode.swift; path = MainViewController.swift; sourceTree = "<group>"; };
		6FAA8236209C78B500FF61AF /* ForestViewController.swift */ = {isa = PBXFileReference; lastKnownFileType = sourcecode.swift; path = ForestViewController.swift; sourceTree = "<group>"; };
		6FAA8259209C824E00FF61AF /* airport.jpg */ = {isa = PBXFileReference; lastKnownFileType = image.jpeg; path = airport.jpg; sourceTree = "<group>"; };
		6FAA825A209C824E00FF61AF /* background.jpg */ = {isa = PBXFileReference; lastKnownFileType = image.jpeg; path = background.jpg; sourceTree = "<group>"; };
		6FAA825B209C824E00FF61AF /* background2.jpeg */ = {isa = PBXFileReference; lastKnownFileType = image.jpeg; path = background2.jpeg; sourceTree = "<group>"; };
		6FAA825C209C824E00FF61AF /* beach.jpg */ = {isa = PBXFileReference; lastKnownFileType = image.jpeg; path = beach.jpg; sourceTree = "<group>"; };
		6FAA825D209C824E00FF61AF /* bear.jpg */ = {isa = PBXFileReference; lastKnownFileType = image.jpeg; path = bear.jpg; sourceTree = "<group>"; };
		6FAA825E209C824E00FF61AF /* can.jpg */ = {isa = PBXFileReference; lastKnownFileType = image.jpeg; path = can.jpg; sourceTree = "<group>"; };
		6FAA825F209C824E00FF61AF /* crab.jpg */ = {isa = PBXFileReference; lastKnownFileType = image.jpeg; path = crab.jpg; sourceTree = "<group>"; };
		6FAA8260209C824E00FF61AF /* energy_drink.jpg */ = {isa = PBXFileReference; lastKnownFileType = image.jpeg; path = energy_drink.jpg; sourceTree = "<group>"; };
		6FAA8261209C824E00FF61AF /* forest.jpg */ = {isa = PBXFileReference; lastKnownFileType = image.jpeg; path = forest.jpg; sourceTree = "<group>"; };
		6FAA8262209C824E00FF61AF /* godzilla.jpg */ = {isa = PBXFileReference; lastKnownFileType = image.jpeg; path = godzilla.jpg; sourceTree = "<group>"; };
		6FAA8263209C824E00FF61AF /* harbor.jpg */ = {isa = PBXFileReference; lastKnownFileType = image.jpeg; path = harbor.jpg; sourceTree = "<group>"; };
		6FAA8264209C824E00FF61AF /* island.jpeg */ = {isa = PBXFileReference; lastKnownFileType = image.jpeg; path = island.jpeg; sourceTree = "<group>"; };
		6FAA8265209C824E00FF61AF /* Map.jpg */ = {isa = PBXFileReference; lastKnownFileType = image.jpeg; path = Map.jpg; sourceTree = "<group>"; };
		6FAA8266209C824E00FF61AF /* radiation.jpg */ = {isa = PBXFileReference; lastKnownFileType = image.jpeg; path = radiation.jpg; sourceTree = "<group>"; };
		6FAA8267209C824E00FF61AF /* spongebob.jpg */ = {isa = PBXFileReference; lastKnownFileType = image.jpeg; path = spongebob.jpg; sourceTree = "<group>"; };
		6FAA8278209C828F00FF61AF /* bgMusic.mp3 */ = {isa = PBXFileReference; lastKnownFileType = audio.mp3; path = bgMusic.mp3; sourceTree = "<group>"; };
		6FAA8279209C828F00FF61AF /* DisplayText.plist */ = {isa = PBXFileReference; fileEncoding = 4; lastKnownFileType = text.plist.xml; path = DisplayText.plist; sourceTree = "<group>"; };
		6FAA827A209C828F00FF61AF /* Sample.txt */ = {isa = PBXFileReference; fileEncoding = 4; lastKnownFileType = text; path = Sample.txt; sourceTree = "<group>"; };
/* End PBXFileReference section */

/* Begin PBXFrameworksBuildPhase section */
		6F4A0C1B20873AE200137E48 /* Frameworks */ = {
			isa = PBXFrameworksBuildPhase;
			buildActionMask = 2147483647;
			files = (
			);
			runOnlyForDeploymentPostprocessing = 0;
		};
		6F4A0C2F20873AE300137E48 /* Frameworks */ = {
			isa = PBXFrameworksBuildPhase;
			buildActionMask = 2147483647;
			files = (
			);
			runOnlyForDeploymentPostprocessing = 0;
		};
		6F4A0C3A20873AE300137E48 /* Frameworks */ = {
			isa = PBXFrameworksBuildPhase;
			buildActionMask = 2147483647;
			files = (
			);
			runOnlyForDeploymentPostprocessing = 0;
		};
/* End PBXFrameworksBuildPhase section */

/* Begin PBXGroup section */
		6F4A0C1520873AE200137E48 = {
			isa = PBXGroup;
			children = (
				6FAA8277209C828F00FF61AF /* Data */,
				6F4A0C2020873AE200137E48 /* SIT305GroupProject */,
				6F4A0C3520873AE300137E48 /* SIT305GroupProjectTests */,
				6F4A0C4020873AE300137E48 /* SIT305GroupProjectUITests */,
				6F4A0C1F20873AE200137E48 /* Products */,
				6FAA8258209C824E00FF61AF /* Image */,
			);
			sourceTree = "<group>";
		};
		6F4A0C1F20873AE200137E48 /* Products */ = {
			isa = PBXGroup;
			children = (
				6F4A0C1E20873AE200137E48 /* SIT305GroupProject.app */,
				6F4A0C3220873AE300137E48 /* SIT305GroupProjectTests.xctest */,
				6F4A0C3D20873AE300137E48 /* SIT305GroupProjectUITests.xctest */,
			);
			name = Products;
			sourceTree = "<group>";
		};
		6F4A0C2020873AE200137E48 /* SIT305GroupProject */ = {
			isa = PBXGroup;
			children = (
				6F4A0C2120873AE200137E48 /* AppDelegate.swift */,
				6F4A0C2320873AE200137E48 /* ViewController.swift */,
				6FAA8234209C787A00FF61AF /* MainViewController.swift */,
				6FAA8236209C78B500FF61AF /* ForestViewController.swift */,
				6F8E085B20A1A18C009E38D5 /* BeachViewController.swift */,
				6F4A0C2520873AE300137E48 /* Main.storyboard */,
				6F400D1720AAB1AC005CF92B /* AirportViewController.swift */,
				6F95FFB320A6F14B00A0C878 /* HarborViewController.swift */,
				6F8E085D20A1A765009E38D5 /* SettingViewController.swift */,
				6F4A0C2820873AE300137E48 /* Assets.xcassets */,
				6F4A0C2A20873AE300137E48 /* LaunchScreen.storyboard */,
				6F4A0C2D20873AE300137E48 /* Info.plist */,
			);
			path = SIT305GroupProject;
			sourceTree = "<group>";
		};
		6F4A0C3520873AE300137E48 /* SIT305GroupProjectTests */ = {
			isa = PBXGroup;
			children = (
				6F4A0C3620873AE300137E48 /* SIT305GroupProjectTests.swift */,
				6F4A0C3820873AE300137E48 /* Info.plist */,
			);
			path = SIT305GroupProjectTests;
			sourceTree = "<group>";
		};
		6F4A0C4020873AE300137E48 /* SIT305GroupProjectUITests */ = {
			isa = PBXGroup;
			children = (
				6F4A0C4120873AE300137E48 /* SIT305GroupProjectUITests.swift */,
				6F4A0C4320873AE300137E48 /* Info.plist */,
			);
			path = SIT305GroupProjectUITests;
			sourceTree = "<group>";
		};
		6FAA8258209C824E00FF61AF /* Image */ = {
			isa = PBXGroup;
			children = (
				6FAA8259209C824E00FF61AF /* airport.jpg */,
				6FAA825A209C824E00FF61AF /* background.jpg */,
				6FAA825B209C824E00FF61AF /* background2.jpeg */,
				6FAA825C209C824E00FF61AF /* beach.jpg */,
				6FAA825D209C824E00FF61AF /* bear.jpg */,
				6FAA825E209C824E00FF61AF /* can.jpg */,
				6FAA825F209C824E00FF61AF /* crab.jpg */,
				6FAA8260209C824E00FF61AF /* energy_drink.jpg */,
				6FAA8261209C824E00FF61AF /* forest.jpg */,
				6FAA8262209C824E00FF61AF /* godzilla.jpg */,
				6FAA8263209C824E00FF61AF /* harbor.jpg */,
				6FAA8264209C824E00FF61AF /* island.jpeg */,
				6FAA8265209C824E00FF61AF /* Map.jpg */,
				6FAA8266209C824E00FF61AF /* radiation.jpg */,
				6FAA8267209C824E00FF61AF /* spongebob.jpg */,
			);
			path = Image;
			sourceTree = "<group>";
		};
		6FAA8277209C828F00FF61AF /* Data */ = {
			isa = PBXGroup;
			children = (
				6FAA8278209C828F00FF61AF /* bgMusic.mp3 */,
				6FAA8279209C828F00FF61AF /* DisplayText.plist */,
				6FAA827A209C828F00FF61AF /* Sample.txt */,
			);
			path = Data;
			sourceTree = SOURCE_ROOT;
		};
/* End PBXGroup section */

/* Begin PBXNativeTarget section */
		6F4A0C1D20873AE200137E48 /* SIT305GroupProject */ = {
			isa = PBXNativeTarget;
			buildConfigurationList = 6F4A0C4620873AE300137E48 /* Build configuration list for PBXNativeTarget "SIT305GroupProject" */;
			buildPhases = (
				6F4A0C1A20873AE200137E48 /* Sources */,
				6F4A0C1B20873AE200137E48 /* Frameworks */,
				6F4A0C1C20873AE200137E48 /* Resources */,
			);
			buildRules = (
			);
			dependencies = (
			);
			name = SIT305GroupProject;
			productName = SIT305GroupProject;
			productReference = 6F4A0C1E20873AE200137E48 /* SIT305GroupProject.app */;
			productType = "com.apple.product-type.application";
		};
		6F4A0C3120873AE300137E48 /* SIT305GroupProjectTests */ = {
			isa = PBXNativeTarget;
			buildConfigurationList = 6F4A0C4920873AE300137E48 /* Build configuration list for PBXNativeTarget "SIT305GroupProjectTests" */;
			buildPhases = (
				6F4A0C2E20873AE300137E48 /* Sources */,
				6F4A0C2F20873AE300137E48 /* Frameworks */,
				6F4A0C3020873AE300137E48 /* Resources */,
			);
			buildRules = (
			);
			dependencies = (
				6F4A0C3420873AE300137E48 /* PBXTargetDependency */,
			);
			name = SIT305GroupProjectTests;
			productName = SIT305GroupProjectTests;
			productReference = 6F4A0C3220873AE300137E48 /* SIT305GroupProjectTests.xctest */;
			productType = "com.apple.product-type.bundle.unit-test";
		};
		6F4A0C3C20873AE300137E48 /* SIT305GroupProjectUITests */ = {
			isa = PBXNativeTarget;
			buildConfigurationList = 6F4A0C4C20873AE300137E48 /* Build configuration list for PBXNativeTarget "SIT305GroupProjectUITests" */;
			buildPhases = (
				6F4A0C3920873AE300137E48 /* Sources */,
				6F4A0C3A20873AE300137E48 /* Frameworks */,
				6F4A0C3B20873AE300137E48 /* Resources */,
			);
			buildRules = (
			);
			dependencies = (
				6F4A0C3F20873AE300137E48 /* PBXTargetDependency */,
			);
			name = SIT305GroupProjectUITests;
			productName = SIT305GroupProjectUITests;
			productReference = 6F4A0C3D20873AE300137E48 /* SIT305GroupProjectUITests.xctest */;
			productType = "com.apple.product-type.bundle.ui-testing";
		};
/* End PBXNativeTarget section */

/* Begin PBXProject section */
		6F4A0C1620873AE200137E48 /* Project object */ = {
			isa = PBXProject;
			attributes = {
				LastSwiftUpdateCheck = 0920;
				LastUpgradeCheck = 0920;
				ORGANIZATIONNAME = SIT305;
				TargetAttributes = {
					6F4A0C1D20873AE200137E48 = {
						CreatedOnToolsVersion = 9.2;
						ProvisioningStyle = Automatic;
					};
					6F4A0C3120873AE300137E48 = {
						CreatedOnToolsVersion = 9.2;
						ProvisioningStyle = Automatic;
						TestTargetID = 6F4A0C1D20873AE200137E48;
					};
					6F4A0C3C20873AE300137E48 = {
						CreatedOnToolsVersion = 9.2;
						ProvisioningStyle = Automatic;
						TestTargetID = 6F4A0C1D20873AE200137E48;
					};
				};
			};
			buildConfigurationList = 6F4A0C1920873AE200137E48 /* Build configuration list for PBXProject "SIT305GroupProject" */;
			compatibilityVersion = "Xcode 8.0";
			developmentRegion = en;
			hasScannedForEncodings = 0;
			knownRegions = (
				en,
				Base,
			);
			mainGroup = 6F4A0C1520873AE200137E48;
			productRefGroup = 6F4A0C1F20873AE200137E48 /* Products */;
			projectDirPath = "";
			projectRoot = "";
			targets = (
				6F4A0C1D20873AE200137E48 /* SIT305GroupProject */,
				6F4A0C3120873AE300137E48 /* SIT305GroupProjectTests */,
				6F4A0C3C20873AE300137E48 /* SIT305GroupProjectUITests */,
			);
		};
/* End PBXProject section */

/* Begin PBXResourcesBuildPhase section */
		6F4A0C1C20873AE200137E48 /* Resources */ = {
			isa = PBXResourcesBuildPhase;
			buildActionMask = 2147483647;
			files = (
				6FAA826F209C824E00FF61AF /* energy_drink.jpg in Resources */,
				6FAA8270209C824E00FF61AF /* forest.jpg in Resources */,
				6F4A0C2C20873AE300137E48 /* LaunchScreen.storyboard in Resources */,
				6FAA8274209C824E00FF61AF /* Map.jpg in Resources */,
				6F4A0C2920873AE300137E48 /* Assets.xcassets in Resources */,
				6FAA826B209C824E00FF61AF /* beach.jpg in Resources */,
				6FAA826C209C824E00FF61AF /* bear.jpg in Resources */,
				6FAA8272209C824E00FF61AF /* harbor.jpg in Resources */,
				6FAA827D209C828F00FF61AF /* Sample.txt in Resources */,
				6FAA8275209C824E00FF61AF /* radiation.jpg in Resources */,
				6FAA8271209C824E00FF61AF /* godzilla.jpg in Resources */,
				6FAA827C209C828F00FF61AF /* DisplayText.plist in Resources */,
				6FAA8269209C824E00FF61AF /* background.jpg in Resources */,
				6FAA827B209C828F00FF61AF /* bgMusic.mp3 in Resources */,
				6FAA8273209C824E00FF61AF /* island.jpeg in Resources */,
				6FAA826D209C824E00FF61AF /* can.jpg in Resources */,
				6FAA8276209C824E00FF61AF /* spongebob.jpg in Resources */,
				6FAA826E209C824E00FF61AF /* crab.jpg in Resources */,
				6FAA826A209C824E00FF61AF /* background2.jpeg in Resources */,
				6FAA8268209C824E00FF61AF /* airport.jpg in Resources */,
				6F4A0C2720873AE300137E48 /* Main.storyboard in Resources */,
			);
			runOnlyForDeploymentPostprocessing = 0;
		};
		6F4A0C3020873AE300137E48 /* Resources */ = {
			isa = PBXResourcesBuildPhase;
			buildActionMask = 2147483647;
			files = (
			);
			runOnlyForDeploymentPostprocessing = 0;
		};
		6F4A0C3B20873AE300137E48 /* Resources */ = {
			isa = PBXResourcesBuildPhase;
			buildActionMask = 2147483647;
			files = (
			);
			runOnlyForDeploymentPostprocessing = 0;
		};
/* End PBXResourcesBuildPhase section */

/* Begin PBXSourcesBuildPhase section */
		6F4A0C1A20873AE200137E48 /* Sources */ = {
			isa = PBXSourcesBuildPhase;
			buildActionMask = 2147483647;
			files = (
				6F95FFB420A6F14B00A0C878 /* HarborViewController.swift in Sources */,
				6F8E085C20A1A18C009E38D5 /* BeachViewController.swift in Sources */,
				6FAA8235209C787A00FF61AF /* MainViewController.swift in Sources */,
				6F4A0C2420873AE200137E48 /* ViewController.swift in Sources */,
				6F4A0C2220873AE200137E48 /* AppDelegate.swift in Sources */,
				6FAA8237209C78B500FF61AF /* ForestViewController.swift in Sources */,
				6F400D1820AAB1AC005CF92B /* AirportViewController.swift in Sources */,
				6F8E085E20A1A765009E38D5 /* SettingViewController.swift in Sources */,
			);
			runOnlyForDeploymentPostprocessing = 0;
		};
		6F4A0C2E20873AE300137E48 /* Sources */ = {
			isa = PBXSourcesBuildPhase;
			buildActionMask = 2147483647;
			files = (
				6F4A0C3720873AE300137E48 /* SIT305GroupProjectTests.swift in Sources */,
			);
			runOnlyForDeploymentPostprocessing = 0;
		};
		6F4A0C3920873AE300137E48 /* Sources */ = {
			isa = PBXSourcesBuildPhase;
			buildActionMask = 2147483647;
			files = (
				6F4A0C4220873AE300137E48 /* SIT305GroupProjectUITests.swift in Sources */,
			);
			runOnlyForDeploymentPostprocessing = 0;
		};
/* End PBXSourcesBuildPhase section */

/* Begin PBXTargetDependency section */
		6F4A0C3420873AE300137E48 /* PBXTargetDependency */ = {
			isa = PBXTargetDependency;
			target = 6F4A0C1D20873AE200137E48 /* SIT305GroupProject */;
			targetProxy = 6F4A0C3320873AE300137E48 /* PBXContainerItemProxy */;
		};
		6F4A0C3F20873AE300137E48 /* PBXTargetDependency */ = {
			isa = PBXTargetDependency;
			target = 6F4A0C1D20873AE200137E48 /* SIT305GroupProject */;
			targetProxy = 6F4A0C3E20873AE300137E48 /* PBXContainerItemProxy */;
		};
/* End PBXTargetDependency section */

/* Begin PBXVariantGroup section */
		6F4A0C2520873AE300137E48 /* Main.storyboard */ = {
			isa = PBXVariantGroup;
			children = (
				6F4A0C2620873AE300137E48 /* Base */,
			);
			name = Main.storyboard;
			sourceTree = "<group>";
		};
		6F4A0C2A20873AE300137E48 /* LaunchScreen.storyboard */ = {
			isa = PBXVariantGroup;
			children = (
				6F4A0C2B20873AE300137E48 /* Base */,
			);
			name = LaunchScreen.storyboard;
			sourceTree = "<group>";
		};
/* End PBXVariantGroup section */

/* Begin XCBuildConfiguration section */
		6F4A0C4420873AE300137E48 /* Debug */ = {
			isa = XCBuildConfiguration;
			buildSettings = {
				ALWAYS_SEARCH_USER_PATHS = NO;
				CLANG_ANALYZER_NONNULL = YES;
				CLANG_ANALYZER_NUMBER_OBJECT_CONVERSION = YES_AGGRESSIVE;
				CLANG_CXX_LANGUAGE_STANDARD = "gnu++14";
				CLANG_CXX_LIBRARY = "libc++";
				CLANG_ENABLE_MODULES = YES;
				CLANG_ENABLE_OBJC_ARC = YES;
				CLANG_WARN_BLOCK_CAPTURE_AUTORELEASING = YES;
				CLANG_WARN_BOOL_CONVERSION = YES;
				CLANG_WARN_COMMA = YES;
				CLANG_WARN_CONSTANT_CONVERSION = YES;
				CLANG_WARN_DIRECT_OBJC_ISA_USAGE = YES_ERROR;
				CLANG_WARN_DOCUMENTATION_COMMENTS = YES;
				CLANG_WARN_EMPTY_BODY = YES;
				CLANG_WARN_ENUM_CONVERSION = YES;
				CLANG_WARN_INFINITE_RECURSION = YES;
				CLANG_WARN_INT_CONVERSION = YES;
				CLANG_WARN_NON_LITERAL_NULL_CONVERSION = YES;
				CLANG_WARN_OBJC_LITERAL_CONVERSION = YES;
				CLANG_WARN_OBJC_ROOT_CLASS = YES_ERROR;
				CLANG_WARN_RANGE_LOOP_ANALYSIS = YES;
				CLANG_WARN_STRICT_PROTOTYPES = YES;
				CLANG_WARN_SUSPICIOUS_MOVE = YES;
				CLANG_WARN_UNGUARDED_AVAILABILITY = YES_AGGRESSIVE;
				CLANG_WARN_UNREACHABLE_CODE = YES;
				CLANG_WARN__DUPLICATE_METHOD_MATCH = YES;
				CODE_SIGN_IDENTITY = "iPhone Developer";
				COPY_PHASE_STRIP = NO;
				DEBUG_INFORMATION_FORMAT = dwarf;
				ENABLE_STRICT_OBJC_MSGSEND = YES;
				ENABLE_TESTABILITY = YES;
				GCC_C_LANGUAGE_STANDARD = gnu11;
				GCC_DYNAMIC_NO_PIC = NO;
				GCC_NO_COMMON_BLOCKS = YES;
				GCC_OPTIMIZATION_LEVEL = 0;
				GCC_PREPROCESSOR_DEFINITIONS = (
					"DEBUG=1",
					"$(inherited)",
				);
				GCC_WARN_64_TO_32_BIT_CONVERSION = YES;
				GCC_WARN_ABOUT_RETURN_TYPE = YES_ERROR;
				GCC_WARN_UNDECLARED_SELECTOR = YES;
				GCC_WARN_UNINITIALIZED_AUTOS = YES_AGGRESSIVE;
				GCC_WARN_UNUSED_FUNCTION = YES;
				GCC_WARN_UNUSED_VARIABLE = YES;
				IPHONEOS_DEPLOYMENT_TARGET = 11.2;
				MTL_ENABLE_DEBUG_INFO = YES;
				ONLY_ACTIVE_ARCH = YES;
				SDKROOT = iphoneos;
				SWIFT_ACTIVE_COMPILATION_CONDITIONS = DEBUG;
				SWIFT_OPTIMIZATION_LEVEL = "-Onone";
			};
			name = Debug;
		};
		6F4A0C4520873AE300137E48 /* Release */ = {
			isa = XCBuildConfiguration;
			buildSettings = {
				ALWAYS_SEARCH_USER_PATHS = NO;
				CLANG_ANALYZER_NONNULL = YES;
				CLANG_ANALYZER_NUMBER_OBJECT_CONVERSION = YES_AGGRESSIVE;
				CLANG_CXX_LANGUAGE_STANDARD = "gnu++14";
				CLANG_CXX_LIBRARY = "libc++";
				CLANG_ENABLE_MODULES = YES;
				CLANG_ENABLE_OBJC_ARC = YES;
				CLANG_WARN_BLOCK_CAPTURE_AUTORELEASING = YES;
				CLANG_WARN_BOOL_CONVERSION = YES;
				CLANG_WARN_COMMA = YES;
				CLANG_WARN_CONSTANT_CONVERSION = YES;
				CLANG_WARN_DIRECT_OBJC_ISA_USAGE = YES_ERROR;
				CLANG_WARN_DOCUMENTATION_COMMENTS = YES;
				CLANG_WARN_EMPTY_BODY = YES;
				CLANG_WARN_ENUM_CONVERSION = YES;
				CLANG_WARN_INFINITE_RECURSION = YES;
				CLANG_WARN_INT_CONVERSION = YES;
				CLANG_WARN_NON_LITERAL_NULL_CONVERSION = YES;
				CLANG_WARN_OBJC_LITERAL_CONVERSION = YES;
				CLANG_WARN_OBJC_ROOT_CLASS = YES_ERROR;
				CLANG_WARN_RANGE_LOOP_ANALYSIS = YES;
				CLANG_WARN_STRICT_PROTOTYPES = YES;
				CLANG_WARN_SUSPICIOUS_MOVE = YES;
				CLANG_WARN_UNGUARDED_AVAILABILITY = YES_AGGRESSIVE;
				CLANG_WARN_UNREACHABLE_CODE = YES;
				CLANG_WARN__DUPLICATE_METHOD_MATCH = YES;
				CODE_SIGN_IDENTITY = "iPhone Developer";
				COPY_PHASE_STRIP = NO;
				DEBUG_INFORMATION_FORMAT = "dwarf-with-dsym";
				ENABLE_NS_ASSERTIONS = NO;
				ENABLE_STRICT_OBJC_MSGSEND = YES;
				GCC_C_LANGUAGE_STANDARD = gnu11;
				GCC_NO_COMMON_BLOCKS = YES;
				GCC_WARN_64_TO_32_BIT_CONVERSION = YES;
				GCC_WARN_ABOUT_RETURN_TYPE = YES_ERROR;
				GCC_WARN_UNDECLARED_SELECTOR = YES;
				GCC_WARN_UNINITIALIZED_AUTOS = YES_AGGRESSIVE;
				GCC_WARN_UNUSED_FUNCTION = YES;
				GCC_WARN_UNUSED_VARIABLE = YES;
				IPHONEOS_DEPLOYMENT_TARGET = 11.2;
				MTL_ENABLE_DEBUG_INFO = NO;
				SDKROOT = iphoneos;
				SWIFT_OPTIMIZATION_LEVEL = "-Owholemodule";
				VALIDATE_PRODUCT = YES;
			};
			name = Release;
		};
		6F4A0C4720873AE300137E48 /* Debug */ = {
			isa = XCBuildConfiguration;
			buildSettings = {
				ASSETCATALOG_COMPILER_APPICON_NAME = AppIcon;
				CODE_SIGN_STYLE = Automatic;
				INFOPLIST_FILE = SIT305GroupProject/Info.plist;
				LD_RUNPATH_SEARCH_PATHS = "$(inherited) @executable_path/Frameworks";
				PRODUCT_BUNDLE_IDENTIFIER = "Junjiangyu-JunChengwang.SIT305GroupProject";
				PRODUCT_NAME = "$(TARGET_NAME)";
				SWIFT_VERSION = 4.0;
				TARGETED_DEVICE_FAMILY = "1,2";
			};
			name = Debug;
		};
		6F4A0C4820873AE300137E48 /* Release */ = {
			isa = XCBuildConfiguration;
			buildSettings = {
				ASSETCATALOG_COMPILER_APPICON_NAME = AppIcon;
				CODE_SIGN_STYLE = Automatic;
				INFOPLIST_FILE = SIT305GroupProject/Info.plist;
				LD_RUNPATH_SEARCH_PATHS = "$(inherited) @executable_path/Frameworks";
				PRODUCT_BUNDLE_IDENTIFIER = "Junjiangyu-JunChengwang.SIT305GroupProject";
				PRODUCT_NAME = "$(TARGET_NAME)";
				SWIFT_VERSION = 4.0;
				TARGETED_DEVICE_FAMILY = "1,2";
			};
			name = Release;
		};
		6F4A0C4A20873AE300137E48 /* Debug */ = {
			isa = XCBuildConfiguration;
			buildSettings = {
				ALWAYS_EMBED_SWIFT_STANDARD_LIBRARIES = YES;
				BUNDLE_LOADER = "$(TEST_HOST)";
				CODE_SIGN_STYLE = Automatic;
				INFOPLIST_FILE = SIT305GroupProjectTests/Info.plist;
				LD_RUNPATH_SEARCH_PATHS = "$(inherited) @executable_path/Frameworks @loader_path/Frameworks";
				PRODUCT_BUNDLE_IDENTIFIER = "Junjiangyu-JunChengwang.SIT305GroupProjectTests";
				PRODUCT_NAME = "$(TARGET_NAME)";
				SWIFT_VERSION = 4.0;
				TARGETED_DEVICE_FAMILY = "1,2";
				TEST_HOST = "$(BUILT_PRODUCTS_DIR)/SIT305GroupProject.app/SIT305GroupProject";
			};
			name = Debug;
		};
		6F4A0C4B20873AE300137E48 /* Release */ = {
			isa = XCBuildConfiguration;
			buildSettings = {
				ALWAYS_EMBED_SWIFT_STANDARD_LIBRARIES = YES;
				BUNDLE_LOADER = "$(TEST_HOST)";
				CODE_SIGN_STYLE = Automatic;
				INFOPLIST_FILE = SIT305GroupProjectTests/Info.plist;
				LD_RUNPATH_SEARCH_PATHS = "$(inherited) @executable_path/Frameworks @loader_path/Frameworks";
				PRODUCT_BUNDLE_IDENTIFIER = "Junjiangyu-JunChengwang.SIT305GroupProjectTests";
				PRODUCT_NAME = "$(TARGET_NAME)";
				SWIFT_VERSION = 4.0;
				TARGETED_DEVICE_FAMILY = "1,2";
				TEST_HOST = "$(BUILT_PRODUCTS_DIR)/SIT305GroupProject.app/SIT305GroupProject";
			};
			name = Release;
		};
		6F4A0C4D20873AE300137E48 /* Debug */ = {
			isa = XCBuildConfiguration;
			buildSettings = {
				ALWAYS_EMBED_SWIFT_STANDARD_LIBRARIES = YES;
				CODE_SIGN_STYLE = Automatic;
				INFOPLIST_FILE = SIT305GroupProjectUITests/Info.plist;
				LD_RUNPATH_SEARCH_PATHS = "$(inherited) @executable_path/Frameworks @loader_path/Frameworks";
				PRODUCT_BUNDLE_IDENTIFIER = "Junjiangyu-JunChengwang.SIT305GroupProjectUITests";
				PRODUCT_NAME = "$(TARGET_NAME)";
				SWIFT_VERSION = 4.0;
				TARGETED_DEVICE_FAMILY = "1,2";
				TEST_TARGET_NAME = SIT305GroupProject;
			};
			name = Debug;
		};
		6F4A0C4E20873AE300137E48 /* Release */ = {
			isa = XCBuildConfiguration;
			buildSettings = {
				ALWAYS_EMBED_SWIFT_STANDARD_LIBRARIES = YES;
				CODE_SIGN_STYLE = Automatic;
				INFOPLIST_FILE = SIT305GroupProjectUITests/Info.plist;
				LD_RUNPATH_SEARCH_PATHS = "$(inherited) @executable_path/Frameworks @loader_path/Frameworks";
				PRODUCT_BUNDLE_IDENTIFIER = "Junjiangyu-JunChengwang.SIT305GroupProjectUITests";
				PRODUCT_NAME = "$(TARGET_NAME)";
				SWIFT_VERSION = 4.0;
				TARGETED_DEVICE_FAMILY = "1,2";
				TEST_TARGET_NAME = SIT305GroupProject;
			};
			name = Release;
		};
/* End XCBuildConfiguration section */

/* Begin XCConfigurationList section */
		6F4A0C1920873AE200137E48 /* Build configuration list for PBXProject "SIT305GroupProject" */ = {
			isa = XCConfigurationList;
			buildConfigurations = (
				6F4A0C4420873AE300137E48 /* Debug */,
				6F4A0C4520873AE300137E48 /* Release */,
			);
			defaultConfigurationIsVisible = 0;
			defaultConfigurationName = Release;
		};
		6F4A0C4620873AE300137E48 /* Build configuration list for PBXNativeTarget "SIT305GroupProject" */ = {
			isa = XCConfigurationList;
			buildConfigurations = (
				6F4A0C4720873AE300137E48 /* Debug */,
				6F4A0C4820873AE300137E48 /* Release */,
			);
			defaultConfigurationIsVisible = 0;
			defaultConfigurationName = Release;
		};
		6F4A0C4920873AE300137E48 /* Build configuration list for PBXNativeTarget "SIT305GroupProjectTests" */ = {
			isa = XCConfigurationList;
			buildConfigurations = (
				6F4A0C4A20873AE300137E48 /* Debug */,
				6F4A0C4B20873AE300137E48 /* Release */,
			);
			defaultConfigurationIsVisible = 0;
			defaultConfigurationName = Release;
		};
		6F4A0C4C20873AE300137E48 /* Build configuration list for PBXNativeTarget "SIT305GroupProjectUITests" */ = {
			isa = XCConfigurationList;
			buildConfigurations = (
				6F4A0C4D20873AE300137E48 /* Debug */,
				6F4A0C4E20873AE300137E48 /* Release */,
			);
			defaultConfigurationIsVisible = 0;
			defaultConfigurationName = Release;
		};
/* End XCConfigurationList section */
	};
	rootObject = 6F4A0C1620873AE200137E48 /* Project object */;
}
